
Microsoft Visual Studio Solution File, Format Version 12.00
# Visual Studio 15
VisualStudioVersion = 15.0.28307.136
MinimumVisualStudioVersion = 10.0.40219.1
Project("{9A19103F-16F7-4668-BE54-9A1E7A4F7556}") = "Core", "Core\Core.csproj", "{98E9E3BE-114D-4705-988D-6CF05BD31621}"
EndProject
Project("{9A19103F-16F7-4668-BE54-9A1E7A4F7556}") = "Day_02", "Day_02\Day_02.csproj", "{611C651E-9895-4501-B9DB-76FC81A0C090}"
EndProject
Project("{9A19103F-16F7-4668-BE54-9A1E7A4F7556}") = "Day_02.Test", "Day_02.Test\Day_02.Test.csproj", "{ABC9B683-474A-491A-8F5C-D110E93221E7}"
EndProject
Project("{9A19103F-16F7-4668-BE54-9A1E7A4F7556}") = "Day_03", "Day_03\Day_03.csproj", "{39A42FAC-800E-47D0-A487-1F4EB2D4AAC8}"
EndProject
Project("{9A19103F-16F7-4668-BE54-9A1E7A4F7556}") = "Day_04", "Day_04\Day_04.csproj", "{5B5CC977-E277-474A-8A44-FDDA9CE8EFDE}"
EndProject
Project("{9A19103F-16F7-4668-BE54-9A1E7A4F7556}") = "Day_05", "Day_05\Day_05.csproj", "{F99DA40C-B671-41BA-8A96-9C652E843724}"
EndProject
Project("{9A19103F-16F7-4668-BE54-9A1E7A4F7556}") = "Day_06", "Day_06\Day_06.csproj", "{D7D7A53A-3E49-4406-8E5A-1F3867B1FD7A}"
EndProject
Project("{9A19103F-16F7-4668-BE54-9A1E7A4F7556}") = "Day_07", "Day_07\Day_07.csproj", "{815CBA3E-8ED8-4004-8C82-ACD3E4D294E8}"
EndProject
Project("{9A19103F-16F7-4668-BE54-9A1E7A4F7556}") = "Day_08", "Day_08\Day_08.csproj", "{8AF3AEC5-5C96-4B45-8CD6-5FA306C869BD}"
EndProject
Project("{9A19103F-16F7-4668-BE54-9A1E7A4F7556}") = "Day_07.Test", "Day_07.Test\Day_07.Test.csproj", "{6FFCAC98-B74C-4A1D-B63F-A49879BB8D73}"
EndProject
Project("{9A19103F-16F7-4668-BE54-9A1E7A4F7556}") = "Day_09", "Day_09\Day_09.csproj", "{7F383EC9-17E6-4092-BAD0-7B613571875E}"
EndProject
Project("{9A19103F-16F7-4668-BE54-9A1E7A4F7556}") = "Day_09.Test", "Day_09.Test\Day_09.Test.csproj", "{4DAA4715-4BCE-45DD-AB2A-8F35B3C7E114}"
EndProject
Project("{9A19103F-16F7-4668-BE54-9A1E7A4F7556}") = "Day_10", "Day_10\Day_10.csproj", "{E15774A8-E672-45F9-BDA1-DFFF64C4F6DB}"
EndProject
Project("{9A19103F-16F7-4668-BE54-9A1E7A4F7556}") = "Day_11", "Day_11\Day_11.csproj", "{7E826B98-063B-4833-96E0-3CD8327174B0}"
EndProject
Project("{9A19103F-16F7-4668-BE54-9A1E7A4F7556}") = "Day_12", "Day_12\Day_12.csproj", "{02292218-96F4-45BB-A38A-CD57BFA57A03}"
EndProject
Project("{9A19103F-16F7-4668-BE54-9A1E7A4F7556}") = "Day_13", "Day_13\Day_13.csproj", "{2D44F3BA-7758-4DA3-B0DC-BAA62629E65C}"
EndProject
Project("{9A19103F-16F7-4668-BE54-9A1E7A4F7556}") = "Day_14", "Day_14\Day_14.csproj", "{7C1571DA-F835-4A32-BC98-33F97CA8477E}"
EndProject
Project("{9A19103F-16F7-4668-BE54-9A1E7A4F7556}") = "Day_15", "Day_15\Day_15.csproj", "{4F1C4787-F542-4AA2-A97C-822BF9643968}"
EndProject
Project("{FAE04EC0-301F-11D3-BF4B-00C04F79EFBC}") = "Day_15.Test", "Day_15.Test\Day_15.Test.csproj", "{281A08B1-E8A5-4835-B046-EDE53E1050E8}"
EndProject
Global
	GlobalSection(SolutionConfigurationPlatforms) = preSolution
		Debug|Any CPU = Debug|Any CPU
		Release|Any CPU = Release|Any CPU
	EndGlobalSection
	GlobalSection(ProjectConfigurationPlatforms) = postSolution
		{98E9E3BE-114D-4705-988D-6CF05BD31621}.Debug|Any CPU.ActiveCfg = Debug|Any CPU
		{98E9E3BE-114D-4705-988D-6CF05BD31621}.Debug|Any CPU.Build.0 = Debug|Any CPU
		{98E9E3BE-114D-4705-988D-6CF05BD31621}.Release|Any CPU.ActiveCfg = Release|Any CPU
		{98E9E3BE-114D-4705-988D-6CF05BD31621}.Release|Any CPU.Build.0 = Release|Any CPU
		{611C651E-9895-4501-B9DB-76FC81A0C090}.Debug|Any CPU.ActiveCfg = Debug|Any CPU
		{611C651E-9895-4501-B9DB-76FC81A0C090}.Debug|Any CPU.Build.0 = Debug|Any CPU
		{611C651E-9895-4501-B9DB-76FC81A0C090}.Release|Any CPU.ActiveCfg = Release|Any CPU
		{611C651E-9895-4501-B9DB-76FC81A0C090}.Release|Any CPU.Build.0 = Release|Any CPU
		{ABC9B683-474A-491A-8F5C-D110E93221E7}.Debug|Any CPU.ActiveCfg = Debug|Any CPU
		{ABC9B683-474A-491A-8F5C-D110E93221E7}.Debug|Any CPU.Build.0 = Debug|Any CPU
		{ABC9B683-474A-491A-8F5C-D110E93221E7}.Release|Any CPU.ActiveCfg = Release|Any CPU
		{ABC9B683-474A-491A-8F5C-D110E93221E7}.Release|Any CPU.Build.0 = Release|Any CPU
		{39A42FAC-800E-47D0-A487-1F4EB2D4AAC8}.Debug|Any CPU.ActiveCfg = Debug|Any CPU
		{39A42FAC-800E-47D0-A487-1F4EB2D4AAC8}.Debug|Any CPU.Build.0 = Debug|Any CPU
		{39A42FAC-800E-47D0-A487-1F4EB2D4AAC8}.Release|Any CPU.ActiveCfg = Release|Any CPU
		{39A42FAC-800E-47D0-A487-1F4EB2D4AAC8}.Release|Any CPU.Build.0 = Release|Any CPU
		{5B5CC977-E277-474A-8A44-FDDA9CE8EFDE}.Debug|Any CPU.ActiveCfg = Debug|Any CPU
		{5B5CC977-E277-474A-8A44-FDDA9CE8EFDE}.Debug|Any CPU.Build.0 = Debug|Any CPU
		{5B5CC977-E277-474A-8A44-FDDA9CE8EFDE}.Release|Any CPU.ActiveCfg = Release|Any CPU
		{5B5CC977-E277-474A-8A44-FDDA9CE8EFDE}.Release|Any CPU.Build.0 = Release|Any CPU
		{F99DA40C-B671-41BA-8A96-9C652E843724}.Debug|Any CPU.ActiveCfg = Debug|Any CPU
		{F99DA40C-B671-41BA-8A96-9C652E843724}.Debug|Any CPU.Build.0 = Debug|Any CPU
		{F99DA40C-B671-41BA-8A96-9C652E843724}.Release|Any CPU.ActiveCfg = Release|Any CPU
		{F99DA40C-B671-41BA-8A96-9C652E843724}.Release|Any CPU.Build.0 = Release|Any CPU
		{D7D7A53A-3E49-4406-8E5A-1F3867B1FD7A}.Debug|Any CPU.ActiveCfg = Debug|Any CPU
		{D7D7A53A-3E49-4406-8E5A-1F3867B1FD7A}.Debug|Any CPU.Build.0 = Debug|Any CPU
		{D7D7A53A-3E49-4406-8E5A-1F3867B1FD7A}.Release|Any CPU.ActiveCfg = Release|Any CPU
		{D7D7A53A-3E49-4406-8E5A-1F3867B1FD7A}.Release|Any CPU.Build.0 = Release|Any CPU
		{815CBA3E-8ED8-4004-8C82-ACD3E4D294E8}.Debug|Any CPU.ActiveCfg = Debug|Any CPU
		{815CBA3E-8ED8-4004-8C82-ACD3E4D294E8}.Debug|Any CPU.Build.0 = Debug|Any CPU
		{815CBA3E-8ED8-4004-8C82-ACD3E4D294E8}.Release|Any CPU.ActiveCfg = Release|Any CPU
		{815CBA3E-8ED8-4004-8C82-ACD3E4D294E8}.Release|Any CPU.Build.0 = Release|Any CPU
		{8AF3AEC5-5C96-4B45-8CD6-5FA306C869BD}.Debug|Any CPU.ActiveCfg = Debug|Any CPU
		{8AF3AEC5-5C96-4B45-8CD6-5FA306C869BD}.Debug|Any CPU.Build.0 = Debug|Any CPU
		{8AF3AEC5-5C96-4B45-8CD6-5FA306C869BD}.Release|Any CPU.ActiveCfg = Release|Any CPU
		{8AF3AEC5-5C96-4B45-8CD6-5FA306C869BD}.Release|Any CPU.Build.0 = Release|Any CPU
		{6FFCAC98-B74C-4A1D-B63F-A49879BB8D73}.Debug|Any CPU.ActiveCfg = Debug|Any CPU
		{6FFCAC98-B74C-4A1D-B63F-A49879BB8D73}.Debug|Any CPU.Build.0 = Debug|Any CPU
		{6FFCAC98-B74C-4A1D-B63F-A49879BB8D73}.Release|Any CPU.ActiveCfg = Release|Any CPU
		{6FFCAC98-B74C-4A1D-B63F-A49879BB8D73}.Release|Any CPU.Build.0 = Release|Any CPU
		{7F383EC9-17E6-4092-BAD0-7B613571875E}.Debug|Any CPU.ActiveCfg = Debug|Any CPU
		{7F383EC9-17E6-4092-BAD0-7B613571875E}.Debug|Any CPU.Build.0 = Debug|Any CPU
		{7F383EC9-17E6-4092-BAD0-7B613571875E}.Release|Any CPU.ActiveCfg = Release|Any CPU
		{7F383EC9-17E6-4092-BAD0-7B613571875E}.Release|Any CPU.Build.0 = Release|Any CPU
		{4DAA4715-4BCE-45DD-AB2A-8F35B3C7E114}.Debug|Any CPU.ActiveCfg = Debug|Any CPU
		{4DAA4715-4BCE-45DD-AB2A-8F35B3C7E114}.Debug|Any CPU.Build.0 = Debug|Any CPU
		{4DAA4715-4BCE-45DD-AB2A-8F35B3C7E114}.Release|Any CPU.ActiveCfg = Release|Any CPU
		{4DAA4715-4BCE-45DD-AB2A-8F35B3C7E114}.Release|Any CPU.Build.0 = Release|Any CPU
		{E15774A8-E672-45F9-BDA1-DFFF64C4F6DB}.Debug|Any CPU.ActiveCfg = Debug|Any CPU
		{E15774A8-E672-45F9-BDA1-DFFF64C4F6DB}.Debug|Any CPU.Build.0 = Debug|Any CPU
		{E15774A8-E672-45F9-BDA1-DFFF64C4F6DB}.Release|Any CPU.ActiveCfg = Release|Any CPU
		{E15774A8-E672-45F9-BDA1-DFFF64C4F6DB}.Release|Any CPU.Build.0 = Release|Any CPU
		{7E826B98-063B-4833-96E0-3CD8327174B0}.Debug|Any CPU.ActiveCfg = Debug|Any CPU
		{7E826B98-063B-4833-96E0-3CD8327174B0}.Debug|Any CPU.Build.0 = Debug|Any CPU
		{7E826B98-063B-4833-96E0-3CD8327174B0}.Release|Any CPU.ActiveCfg = Release|Any CPU
		{7E826B98-063B-4833-96E0-3CD8327174B0}.Release|Any CPU.Build.0 = Release|Any CPU
		{02292218-96F4-45BB-A38A-CD57BFA57A03}.Debug|Any CPU.ActiveCfg = Debug|Any CPU
		{02292218-96F4-45BB-A38A-CD57BFA57A03}.Debug|Any CPU.Build.0 = Debug|Any CPU
		{02292218-96F4-45BB-A38A-CD57BFA57A03}.Release|Any CPU.ActiveCfg = Release|Any CPU
		{02292218-96F4-45BB-A38A-CD57BFA57A03}.Release|Any CPU.Build.0 = Release|Any CPU
		{2D44F3BA-7758-4DA3-B0DC-BAA62629E65C}.Debug|Any CPU.ActiveCfg = Debug|Any CPU
		{2D44F3BA-7758-4DA3-B0DC-BAA62629E65C}.Debug|Any CPU.Build.0 = Debug|Any CPU
		{2D44F3BA-7758-4DA3-B0DC-BAA62629E65C}.Release|Any CPU.ActiveCfg = Release|Any CPU
		{2D44F3BA-7758-4DA3-B0DC-BAA62629E65C}.Release|Any CPU.Build.0 = Release|Any CPU
		{7C1571DA-F835-4A32-BC98-33F97CA8477E}.Debug|Any CPU.ActiveCfg = Debug|Any CPU
		{7C1571DA-F835-4A32-BC98-33F97CA8477E}.Debug|Any CPU.Build.0 = Debug|Any CPU
		{7C1571DA-F835-4A32-BC98-33F97CA8477E}.Release|Any CPU.ActiveCfg = Release|Any CPU
		{7C1571DA-F835-4A32-BC98-33F97CA8477E}.Release|Any CPU.Build.0 = Release|Any CPU
		{4F1C4787-F542-4AA2-A97C-822BF9643968}.Debug|Any CPU.ActiveCfg = Debug|Any CPU
		{4F1C4787-F542-4AA2-A97C-822BF9643968}.Debug|Any CPU.Build.0 = Debug|Any CPU
		{4F1C4787-F542-4AA2-A97C-822BF9643968}.Release|Any CPU.ActiveCfg = Release|Any CPU
		{4F1C4787-F542-4AA2-A97C-822BF9643968}.Release|Any CPU.Build.0 = Release|Any CPU
		{281A08B1-E8A5-4835-B046-EDE53E1050E8}.Debug|Any CPU.ActiveCfg = Debug|Any CPU
		{281A08B1-E8A5-4835-B046-EDE53E1050E8}.Debug|Any CPU.Build.0 = Debug|Any CPU
		{281A08B1-E8A5-4835-B046-EDE53E1050E8}.Release|Any CPU.ActiveCfg = Release|Any CPU
		{281A08B1-E8A5-4835-B046-EDE53E1050E8}.Release|Any CPU.Build.0 = Release|Any CPU
	EndGlobalSection
	GlobalSection(SolutionProperties) = preSolution
		HideSolutionNode = FALSE
	EndGlobalSection
	GlobalSection(ExtensibilityGlobals) = postSolution
		SolutionGuid = {B7A0D58A-7869-4C5F-BF92-6535C7A9B271}
	EndGlobalSection
EndGlobal
