
Microsoft Visual Studio Solution File, Format Version 12.00
# Visual Studio 15
VisualStudioVersion = 15.0.28307.136
MinimumVisualStudioVersion = 10.0.40219.1
Project("{9A19103F-16F7-4668-BE54-9A1E7A4F7556}") = "Core", "Core\Core.csproj", "{98E9E3BE-114D-4705-988D-6CF05BD31621}"
EndProject
Project("{9A19103F-16F7-4668-BE54-9A1E7A4F7556}") = "Day_02", "Day_02\Day_02.csproj", "{611C651E-9895-4501-B9DB-76FC81A0C090}"
EndProject
Project("{9A19103F-16F7-4668-BE54-9A1E7A4F7556}") = "Day_02.Test", "Day_02.Test\Day_02.Test.csproj", "{ABC9B683-474A-491A-8F5C-D110E93221E7}"
EndProject
Project("{9A19103F-16F7-4668-BE54-9A1E7A4F7556}") = "Day_03", "Day_03\Day_03.csproj", "{39A42FAC-800E-47D0-A487-1F4EB2D4AAC8}"
EndProject
Project("{9A19103F-16F7-4668-BE54-9A1E7A4F7556}") = "Day_04", "Day_04\Day_04.csproj", "{5B5CC977-E277-474A-8A44-FDDA9CE8EFDE}"
EndProject
Project("{9A19103F-16F7-4668-BE54-9A1E7A4F7556}") = "Day_05", "Day_05\Day_05.csproj", "{F99DA40C-B671-41BA-8A96-9C652E843724}"
EndProject
Project("{9A19103F-16F7-4668-BE54-9A1E7A4F7556}") = "Day_06", "Day_06\Day_06.csproj", "{D7D7A53A-3E49-4406-8E5A-1F3867B1FD7A}"
EndProject
Project("{9A19103F-16F7-4668-BE54-9A1E7A4F7556}") = "Day_07", "Day_07\Day_07.csproj", "{815CBA3E-8ED8-4004-8C82-ACD3E4D294E8}"
EndProject
Project("{FAE04EC0-301F-11D3-BF4B-00C04F79EFBC}") = "Day_08", "Day_08\Day_08.csproj", "{8AF3AEC5-5C96-4B45-8CD6-5FA306C869BD}"
EndProject
Project("{FAE04EC0-301F-11D3-BF4B-00C04F79EFBC}") = "Day_07.Test", "Day_07.Test\Day_07.Test.csproj", "{6FFCAC98-B74C-4A1D-B63F-A49879BB8D73}"
EndProject
Global
	GlobalSection(SolutionConfigurationPlatforms) = preSolution
		Debug|Any CPU = Debug|Any CPU
		Release|Any CPU = Release|Any CPU
	EndGlobalSection
	GlobalSection(ProjectConfigurationPlatforms) = postSolution
		{98E9E3BE-114D-4705-988D-6CF05BD31621}.Debug|Any CPU.ActiveCfg = Debug|Any CPU
		{98E9E3BE-114D-4705-988D-6CF05BD31621}.Debug|Any CPU.Build.0 = Debug|Any CPU
		{98E9E3BE-114D-4705-988D-6CF05BD31621}.Release|Any CPU.ActiveCfg = Release|Any CPU
		{98E9E3BE-114D-4705-988D-6CF05BD31621}.Release|Any CPU.Build.0 = Release|Any CPU
		{611C651E-9895-4501-B9DB-76FC81A0C090}.Debug|Any CPU.ActiveCfg = Debug|Any CPU
		{611C651E-9895-4501-B9DB-76FC81A0C090}.Debug|Any CPU.Build.0 = Debug|Any CPU
		{611C651E-9895-4501-B9DB-76FC81A0C090}.Release|Any CPU.ActiveCfg = Release|Any CPU
		{611C651E-9895-4501-B9DB-76FC81A0C090}.Release|Any CPU.Build.0 = Release|Any CPU
		{ABC9B683-474A-491A-8F5C-D110E93221E7}.Debug|Any CPU.ActiveCfg = Debug|Any CPU
		{ABC9B683-474A-491A-8F5C-D110E93221E7}.Debug|Any CPU.Build.0 = Debug|Any CPU
		{ABC9B683-474A-491A-8F5C-D110E93221E7}.Release|Any CPU.ActiveCfg = Release|Any CPU
		{ABC9B683-474A-491A-8F5C-D110E93221E7}.Release|Any CPU.Build.0 = Release|Any CPU
		{39A42FAC-800E-47D0-A487-1F4EB2D4AAC8}.Debug|Any CPU.ActiveCfg = Debug|Any CPU
		{39A42FAC-800E-47D0-A487-1F4EB2D4AAC8}.Debug|Any CPU.Build.0 = Debug|Any CPU
		{39A42FAC-800E-47D0-A487-1F4EB2D4AAC8}.Release|Any CPU.ActiveCfg = Release|Any CPU
		{39A42FAC-800E-47D0-A487-1F4EB2D4AAC8}.Release|Any CPU.Build.0 = Release|Any CPU
		{5B5CC977-E277-474A-8A44-FDDA9CE8EFDE}.Debug|Any CPU.ActiveCfg = Debug|Any CPU
		{5B5CC977-E277-474A-8A44-FDDA9CE8EFDE}.Debug|Any CPU.Build.0 = Debug|Any CPU
		{5B5CC977-E277-474A-8A44-FDDA9CE8EFDE}.Release|Any CPU.ActiveCfg = Release|Any CPU
		{5B5CC977-E277-474A-8A44-FDDA9CE8EFDE}.Release|Any CPU.Build.0 = Release|Any CPU
		{F99DA40C-B671-41BA-8A96-9C652E843724}.Debug|Any CPU.ActiveCfg = Debug|Any CPU
		{F99DA40C-B671-41BA-8A96-9C652E843724}.Debug|Any CPU.Build.0 = Debug|Any CPU
		{F99DA40C-B671-41BA-8A96-9C652E843724}.Release|Any CPU.ActiveCfg = Release|Any CPU
		{F99DA40C-B671-41BA-8A96-9C652E843724}.Release|Any CPU.Build.0 = Release|Any CPU
		{D7D7A53A-3E49-4406-8E5A-1F3867B1FD7A}.Debug|Any CPU.ActiveCfg = Debug|Any CPU
		{D7D7A53A-3E49-4406-8E5A-1F3867B1FD7A}.Debug|Any CPU.Build.0 = Debug|Any CPU
		{D7D7A53A-3E49-4406-8E5A-1F3867B1FD7A}.Release|Any CPU.ActiveCfg = Release|Any CPU
		{D7D7A53A-3E49-4406-8E5A-1F3867B1FD7A}.Release|Any CPU.Build.0 = Release|Any CPU
		{815CBA3E-8ED8-4004-8C82-ACD3E4D294E8}.Debug|Any CPU.ActiveCfg = Debug|Any CPU
		{815CBA3E-8ED8-4004-8C82-ACD3E4D294E8}.Debug|Any CPU.Build.0 = Debug|Any CPU
		{815CBA3E-8ED8-4004-8C82-ACD3E4D294E8}.Release|Any CPU.ActiveCfg = Release|Any CPU
		{815CBA3E-8ED8-4004-8C82-ACD3E4D294E8}.Release|Any CPU.Build.0 = Release|Any CPU
		{8AF3AEC5-5C96-4B45-8CD6-5FA306C869BD}.Debug|Any CPU.ActiveCfg = Debug|Any CPU
		{8AF3AEC5-5C96-4B45-8CD6-5FA306C869BD}.Debug|Any CPU.Build.0 = Debug|Any CPU
		{8AF3AEC5-5C96-4B45-8CD6-5FA306C869BD}.Release|Any CPU.ActiveCfg = Release|Any CPU
		{8AF3AEC5-5C96-4B45-8CD6-5FA306C869BD}.Release|Any CPU.Build.0 = Release|Any CPU
		{6FFCAC98-B74C-4A1D-B63F-A49879BB8D73}.Debug|Any CPU.ActiveCfg = Debug|Any CPU
		{6FFCAC98-B74C-4A1D-B63F-A49879BB8D73}.Debug|Any CPU.Build.0 = Debug|Any CPU
		{6FFCAC98-B74C-4A1D-B63F-A49879BB8D73}.Release|Any CPU.ActiveCfg = Release|Any CPU
		{6FFCAC98-B74C-4A1D-B63F-A49879BB8D73}.Release|Any CPU.Build.0 = Release|Any CPU
	EndGlobalSection
	GlobalSection(SolutionProperties) = preSolution
		HideSolutionNode = FALSE
	EndGlobalSection
	GlobalSection(ExtensibilityGlobals) = postSolution
		SolutionGuid = {B7A0D58A-7869-4C5F-BF92-6535C7A9B271}
	EndGlobalSection
EndGlobal
